
Microsoft Visual Studio Solution File, Format Version 12.00
# Visual Studio 15
VisualStudioVersion = 15.0.27004.2009
MinimumVisualStudioVersion = 10.0.40219.1
Project("{2150E333-8FDC-42A3-9474-1A3956D46DE8}") = "src", "src", "{B008DFA9-0258-45D4-A185-BA77107C90C5}"
EndProject
Project("{9A19103F-16F7-4668-BE54-9A1E7A4F7556}") = "TemplateProject.Web", "src\TemplateProject.Web\TemplateProject.Web.csproj", "{9005F1A4-3453-4D07-B78E-B4D3D91236DB}"
EndProject
Project("{9A19103F-16F7-4668-BE54-9A1E7A4F7556}") = "TemplateProject.Core", "src\TemplateProject.Core\TemplateProject.Core.csproj", "{9839341C-FEDE-4236-81DF-092337397329}"
EndProject
Project("{9A19103F-16F7-4668-BE54-9A1E7A4F7556}") = "TemplateProject.Utils", "src\TemplateProject.Utils\TemplateProject.Utils.csproj", "{729A5600-F858-4FDB-A507-B74986834167}"
EndProject
Project("{9A19103F-16F7-4668-BE54-9A1E7A4F7556}") = "TemplateProject.DataAccess", "src\TemplateProject.DataAccess\TemplateProject.DataAccess.csproj", "{C27C176C-5319-46B8-9208-76F67358DA63}"
EndProject
Project("{2150E333-8FDC-42A3-9474-1A3956D46DE8}") = "tests", "tests", "{D1AD2D11-41E8-4143-9485-2B69D46A00CE}"
EndProject
Project("{9A19103F-16F7-4668-BE54-9A1E7A4F7556}") = "TemplateProject.Web.Tests", "tests\TemplateProject.Web.Tests\TemplateProject.Web.Tests.csproj", "{143A1B7B-3BAA-46B7-9E2D-F64A5A4521DA}"
EndProject
Project("{FAE04EC0-301F-11D3-BF4B-00C04F79EFBC}") = "TemplateProject.Utils.Tests", "tests\TemplateProject.Utils.Tests\TemplateProject.Utils.Tests.csproj", "{4E12DD78-996C-4747-B251-F9B252593ECF}"
EndProject
Project("{FAE04EC0-301F-11D3-BF4B-00C04F79EFBC}") = "TemplateProject.Core.Tests", "tests\TemplateProject.Core.Tests\TemplateProject.Core.Tests.csproj", "{70EA5768-180B-4BF0-B564-326575C94B7E}"
EndProject
Project("{FAE04EC0-301F-11D3-BF4B-00C04F79EFBC}") = "TemplateProject.DataAccess.Tests", "tests\TemplateProject.DataAccess.Tests\TemplateProject.DataAccess.Tests.csproj", "{FE143FE4-799D-4328-A987-B4983F9DBB0E}"
EndProject
Global
	GlobalSection(SolutionConfigurationPlatforms) = preSolution
		Debug|Any CPU = Debug|Any CPU
		Release|Any CPU = Release|Any CPU
	EndGlobalSection
	GlobalSection(ProjectConfigurationPlatforms) = postSolution
		{9005F1A4-3453-4D07-B78E-B4D3D91236DB}.Debug|Any CPU.ActiveCfg = Debug|Any CPU
		{9005F1A4-3453-4D07-B78E-B4D3D91236DB}.Debug|Any CPU.Build.0 = Debug|Any CPU
		{9005F1A4-3453-4D07-B78E-B4D3D91236DB}.Release|Any CPU.ActiveCfg = Release|Any CPU
		{9005F1A4-3453-4D07-B78E-B4D3D91236DB}.Release|Any CPU.Build.0 = Release|Any CPU
		{9839341C-FEDE-4236-81DF-092337397329}.Debug|Any CPU.ActiveCfg = Debug|Any CPU
		{9839341C-FEDE-4236-81DF-092337397329}.Debug|Any CPU.Build.0 = Debug|Any CPU
		{9839341C-FEDE-4236-81DF-092337397329}.Release|Any CPU.ActiveCfg = Release|Any CPU
		{9839341C-FEDE-4236-81DF-092337397329}.Release|Any CPU.Build.0 = Release|Any CPU
		{729A5600-F858-4FDB-A507-B74986834167}.Debug|Any CPU.ActiveCfg = Debug|Any CPU
		{729A5600-F858-4FDB-A507-B74986834167}.Debug|Any CPU.Build.0 = Debug|Any CPU
		{729A5600-F858-4FDB-A507-B74986834167}.Release|Any CPU.ActiveCfg = Release|Any CPU
		{729A5600-F858-4FDB-A507-B74986834167}.Release|Any CPU.Build.0 = Release|Any CPU
		{C27C176C-5319-46B8-9208-76F67358DA63}.Debug|Any CPU.ActiveCfg = Debug|Any CPU
		{C27C176C-5319-46B8-9208-76F67358DA63}.Debug|Any CPU.Build.0 = Debug|Any CPU
		{C27C176C-5319-46B8-9208-76F67358DA63}.Release|Any CPU.ActiveCfg = Release|Any CPU
		{C27C176C-5319-46B8-9208-76F67358DA63}.Release|Any CPU.Build.0 = Release|Any CPU
		{143A1B7B-3BAA-46B7-9E2D-F64A5A4521DA}.Debug|Any CPU.ActiveCfg = Debug|Any CPU
		{143A1B7B-3BAA-46B7-9E2D-F64A5A4521DA}.Debug|Any CPU.Build.0 = Debug|Any CPU
		{143A1B7B-3BAA-46B7-9E2D-F64A5A4521DA}.Release|Any CPU.ActiveCfg = Release|Any CPU
		{143A1B7B-3BAA-46B7-9E2D-F64A5A4521DA}.Release|Any CPU.Build.0 = Release|Any CPU
		{4E12DD78-996C-4747-B251-F9B252593ECF}.Debug|Any CPU.ActiveCfg = Debug|Any CPU
		{4E12DD78-996C-4747-B251-F9B252593ECF}.Debug|Any CPU.Build.0 = Debug|Any CPU
		{4E12DD78-996C-4747-B251-F9B252593ECF}.Release|Any CPU.ActiveCfg = Release|Any CPU
		{4E12DD78-996C-4747-B251-F9B252593ECF}.Release|Any CPU.Build.0 = Release|Any CPU
		{70EA5768-180B-4BF0-B564-326575C94B7E}.Debug|Any CPU.ActiveCfg = Debug|Any CPU
		{70EA5768-180B-4BF0-B564-326575C94B7E}.Debug|Any CPU.Build.0 = Debug|Any CPU
		{70EA5768-180B-4BF0-B564-326575C94B7E}.Release|Any CPU.ActiveCfg = Release|Any CPU
		{70EA5768-180B-4BF0-B564-326575C94B7E}.Release|Any CPU.Build.0 = Release|Any CPU
		{FE143FE4-799D-4328-A987-B4983F9DBB0E}.Debug|Any CPU.ActiveCfg = Debug|Any CPU
		{FE143FE4-799D-4328-A987-B4983F9DBB0E}.Debug|Any CPU.Build.0 = Debug|Any CPU
		{FE143FE4-799D-4328-A987-B4983F9DBB0E}.Release|Any CPU.ActiveCfg = Release|Any CPU
		{FE143FE4-799D-4328-A987-B4983F9DBB0E}.Release|Any CPU.Build.0 = Release|Any CPU
	EndGlobalSection
	GlobalSection(SolutionProperties) = preSolution
		HideSolutionNode = FALSE
	EndGlobalSection
	GlobalSection(NestedProjects) = preSolution
		{9005F1A4-3453-4D07-B78E-B4D3D91236DB} = {B008DFA9-0258-45D4-A185-BA77107C90C5}
		{9839341C-FEDE-4236-81DF-092337397329} = {B008DFA9-0258-45D4-A185-BA77107C90C5}
		{729A5600-F858-4FDB-A507-B74986834167} = {B008DFA9-0258-45D4-A185-BA77107C90C5}
		{C27C176C-5319-46B8-9208-76F67358DA63} = {B008DFA9-0258-45D4-A185-BA77107C90C5}
		{143A1B7B-3BAA-46B7-9E2D-F64A5A4521DA} = {D1AD2D11-41E8-4143-9485-2B69D46A00CE}
		{4E12DD78-996C-4747-B251-F9B252593ECF} = {D1AD2D11-41E8-4143-9485-2B69D46A00CE}
		{70EA5768-180B-4BF0-B564-326575C94B7E} = {D1AD2D11-41E8-4143-9485-2B69D46A00CE}
		{FE143FE4-799D-4328-A987-B4983F9DBB0E} = {D1AD2D11-41E8-4143-9485-2B69D46A00CE}
	EndGlobalSection
	GlobalSection(ExtensibilityGlobals) = postSolution
		SolutionGuid = {27E0AB35-46C4-4566-B08A-6E19A0FAF1F3}
	EndGlobalSection
EndGlobal
