
Microsoft Visual Studio Solution File, Format Version 12.00
# Visual Studio Version 16
VisualStudioVersion = 16.0.29025.244
MinimumVisualStudioVersion = 10.0.40219.1
Project("{2150E333-8FDC-42A3-9474-1A3956D46DE8}") = "src", "src", "{B008DFA9-0258-45D4-A185-BA77107C90C5}"
EndProject
Project("{9A19103F-16F7-4668-BE54-9A1E7A4F7556}") = "<%= csprojName %>.Web", "src\<%= csprojName %>.Web\<%= csprojName %>.Web.csproj", "{9005F1A4-3453-4D07-B78E-B4D3D91236DB}"
EndProject
Project("{9A19103F-16F7-4668-BE54-9A1E7A4F7556}") = "<%= csprojName %>.Core", "src\<%= csprojName %>.Core\<%= csprojName %>.Core.csproj", "{9839341C-FEDE-4236-81DF-092337397329}"
EndProject
Project("{9A19103F-16F7-4668-BE54-9A1E7A4F7556}") = "<%= csprojName %>.Utils", "src\<%= csprojName %>.Utils\<%= csprojName %>.Utils.csproj", "{729A5600-F858-4FDB-A507-B74986834167}"
EndProject
Project("{2150E333-8FDC-42A3-9474-1A3956D46DE8}") = "tests", "tests", "{D1AD2D11-41E8-4143-9485-2B69D46A00CE}"
EndProject
Project("{9A19103F-16F7-4668-BE54-9A1E7A4F7556}") = "<%= csprojName %>.Web.Tests", "tests\<%= csprojName %>.Web.Tests\<%= csprojName %>.Web.Tests.csproj", "{143A1B7B-3BAA-46B7-9E2D-F64A5A4521DA}"
EndProject
Project("{9A19103F-16F7-4668-BE54-9A1E7A4F7556}") = "<%= csprojName %>.Utils.Tests", "tests\<%= csprojName %>.Utils.Tests\<%= csprojName %>.Utils.Tests.csproj", "{4E12DD78-996C-4747-B251-F9B252593ECF}"
EndProject
Project("{9A19103F-16F7-4668-BE54-9A1E7A4F7556}") = "<%= csprojName %>.Core.Tests", "tests\<%= csprojName %>.Core.Tests\<%= csprojName %>.Core.Tests.csproj", "{70EA5768-180B-4BF0-B564-326575C94B7E}"
EndProject
Project("{9A19103F-16F7-4668-BE54-9A1E7A4F7556}") = "<%= csprojName %>.DataAccess.SQLServer", "src\<%= csprojName %>.DataAccess.SQLServer\<%= csprojName %>.DataAccess.SQLServer.csproj", "{8F976B95-632F-4088-9BDA-7AE44A2E609A}"
EndProject
Project("{9A19103F-16F7-4668-BE54-9A1E7A4F7556}") = "<%= csprojName %>.Utils.EntityFrameworkCore", "src\<%= csprojName %>.Utils.EntityFrameworkCore\<%= csprojName %>.Utils.EntityFrameworkCore.csproj", "{CD3703BD-922A-4F03-8F6B-0E641929F81D}"
EndProject
Project("{9A19103F-16F7-4668-BE54-9A1E7A4F7556}") = "<%= csprojName %>.DataAccess.PostgreSQL", "src\<%= csprojName %>.DataAccess.PostgreSQL\<%= csprojName %>.DataAccess.PostgreSQL.csproj", "{E8B5A640-BF03-49D1-9B89-DAF977B11301}"
EndProject
Project("{9A19103F-16F7-4668-BE54-9A1E7A4F7556}") = "<%= csprojName %>.DataAccess.SQLite", "src\<%= csprojName %>.DataAccess.SQLite\<%= csprojName %>.DataAccess.SQLite.csproj", "{9E957687-9FDA-4E4F-B78B-230ECD322307}"
EndProject
Project("{FAE04EC0-301F-11D3-BF4B-00C04F79EFBC}") = "<%= csprojName %>.DataAccess.MongoDB", "src\<%= csprojName %>.DataAccess.MongoDB\<%= csprojName %>.DataAccess.MongoDB.csproj", "{E5A85B99-B583-483F-970C-25A1A89958BE}"
EndProject
Global
	GlobalSection(SolutionConfigurationPlatforms) = preSolution
		Debug|Any CPU = Debug|Any CPU
		Release|Any CPU = Release|Any CPU
	EndGlobalSection
	GlobalSection(ProjectConfigurationPlatforms) = postSolution
		{9005F1A4-3453-4D07-B78E-B4D3D91236DB}.Debug|Any CPU.ActiveCfg = Debug|Any CPU
		{9005F1A4-3453-4D07-B78E-B4D3D91236DB}.Debug|Any CPU.Build.0 = Debug|Any CPU
		{9005F1A4-3453-4D07-B78E-B4D3D91236DB}.Release|Any CPU.ActiveCfg = Release|Any CPU
		{9005F1A4-3453-4D07-B78E-B4D3D91236DB}.Release|Any CPU.Build.0 = Release|Any CPU
		{9839341C-FEDE-4236-81DF-092337397329}.Debug|Any CPU.ActiveCfg = Debug|Any CPU
		{9839341C-FEDE-4236-81DF-092337397329}.Debug|Any CPU.Build.0 = Debug|Any CPU
		{9839341C-FEDE-4236-81DF-092337397329}.Release|Any CPU.ActiveCfg = Release|Any CPU
		{9839341C-FEDE-4236-81DF-092337397329}.Release|Any CPU.Build.0 = Release|Any CPU
		{729A5600-F858-4FDB-A507-B74986834167}.Debug|Any CPU.ActiveCfg = Debug|Any CPU
		{729A5600-F858-4FDB-A507-B74986834167}.Debug|Any CPU.Build.0 = Debug|Any CPU
		{729A5600-F858-4FDB-A507-B74986834167}.Release|Any CPU.ActiveCfg = Release|Any CPU
		{729A5600-F858-4FDB-A507-B74986834167}.Release|Any CPU.Build.0 = Release|Any CPU
		{143A1B7B-3BAA-46B7-9E2D-F64A5A4521DA}.Debug|Any CPU.ActiveCfg = Debug|Any CPU
		{143A1B7B-3BAA-46B7-9E2D-F64A5A4521DA}.Debug|Any CPU.Build.0 = Debug|Any CPU
		{143A1B7B-3BAA-46B7-9E2D-F64A5A4521DA}.Release|Any CPU.ActiveCfg = Release|Any CPU
		{143A1B7B-3BAA-46B7-9E2D-F64A5A4521DA}.Release|Any CPU.Build.0 = Release|Any CPU
		{4E12DD78-996C-4747-B251-F9B252593ECF}.Debug|Any CPU.ActiveCfg = Debug|Any CPU
		{4E12DD78-996C-4747-B251-F9B252593ECF}.Debug|Any CPU.Build.0 = Debug|Any CPU
		{4E12DD78-996C-4747-B251-F9B252593ECF}.Release|Any CPU.ActiveCfg = Release|Any CPU
		{4E12DD78-996C-4747-B251-F9B252593ECF}.Release|Any CPU.Build.0 = Release|Any CPU
		{70EA5768-180B-4BF0-B564-326575C94B7E}.Debug|Any CPU.ActiveCfg = Debug|Any CPU
		{70EA5768-180B-4BF0-B564-326575C94B7E}.Debug|Any CPU.Build.0 = Debug|Any CPU
		{70EA5768-180B-4BF0-B564-326575C94B7E}.Release|Any CPU.ActiveCfg = Release|Any CPU
		{70EA5768-180B-4BF0-B564-326575C94B7E}.Release|Any CPU.Build.0 = Release|Any CPU
		{8F976B95-632F-4088-9BDA-7AE44A2E609A}.Debug|Any CPU.ActiveCfg = Debug|Any CPU
		{8F976B95-632F-4088-9BDA-7AE44A2E609A}.Debug|Any CPU.Build.0 = Debug|Any CPU
		{8F976B95-632F-4088-9BDA-7AE44A2E609A}.Release|Any CPU.ActiveCfg = Release|Any CPU
		{8F976B95-632F-4088-9BDA-7AE44A2E609A}.Release|Any CPU.Build.0 = Release|Any CPU
		{CD3703BD-922A-4F03-8F6B-0E641929F81D}.Debug|Any CPU.ActiveCfg = Debug|Any CPU
		{CD3703BD-922A-4F03-8F6B-0E641929F81D}.Debug|Any CPU.Build.0 = Debug|Any CPU
		{CD3703BD-922A-4F03-8F6B-0E641929F81D}.Release|Any CPU.ActiveCfg = Release|Any CPU
		{CD3703BD-922A-4F03-8F6B-0E641929F81D}.Release|Any CPU.Build.0 = Release|Any CPU
		{E8B5A640-BF03-49D1-9B89-DAF977B11301}.Debug|Any CPU.ActiveCfg = Debug|Any CPU
		{E8B5A640-BF03-49D1-9B89-DAF977B11301}.Debug|Any CPU.Build.0 = Debug|Any CPU
		{E8B5A640-BF03-49D1-9B89-DAF977B11301}.Release|Any CPU.ActiveCfg = Release|Any CPU
		{E8B5A640-BF03-49D1-9B89-DAF977B11301}.Release|Any CPU.Build.0 = Release|Any CPU
		{9E957687-9FDA-4E4F-B78B-230ECD322307}.Debug|Any CPU.ActiveCfg = Debug|Any CPU
		{9E957687-9FDA-4E4F-B78B-230ECD322307}.Debug|Any CPU.Build.0 = Debug|Any CPU
		{9E957687-9FDA-4E4F-B78B-230ECD322307}.Release|Any CPU.ActiveCfg = Release|Any CPU
		{9E957687-9FDA-4E4F-B78B-230ECD322307}.Release|Any CPU.Build.0 = Release|Any CPU
		{E5A85B99-B583-483F-970C-25A1A89958BE}.Debug|Any CPU.ActiveCfg = Debug|Any CPU
		{E5A85B99-B583-483F-970C-25A1A89958BE}.Debug|Any CPU.Build.0 = Debug|Any CPU
		{E5A85B99-B583-483F-970C-25A1A89958BE}.Release|Any CPU.ActiveCfg = Release|Any CPU
		{E5A85B99-B583-483F-970C-25A1A89958BE}.Release|Any CPU.Build.0 = Release|Any CPU
	EndGlobalSection
	GlobalSection(SolutionProperties) = preSolution
		HideSolutionNode = FALSE
	EndGlobalSection
	GlobalSection(NestedProjects) = preSolution
		{9005F1A4-3453-4D07-B78E-B4D3D91236DB} = {B008DFA9-0258-45D4-A185-BA77107C90C5}
		{9839341C-FEDE-4236-81DF-092337397329} = {B008DFA9-0258-45D4-A185-BA77107C90C5}
		{729A5600-F858-4FDB-A507-B74986834167} = {B008DFA9-0258-45D4-A185-BA77107C90C5}
		{143A1B7B-3BAA-46B7-9E2D-F64A5A4521DA} = {D1AD2D11-41E8-4143-9485-2B69D46A00CE}
		{4E12DD78-996C-4747-B251-F9B252593ECF} = {D1AD2D11-41E8-4143-9485-2B69D46A00CE}
		{70EA5768-180B-4BF0-B564-326575C94B7E} = {D1AD2D11-41E8-4143-9485-2B69D46A00CE}
		{8F976B95-632F-4088-9BDA-7AE44A2E609A} = {B008DFA9-0258-45D4-A185-BA77107C90C5}
		{CD3703BD-922A-4F03-8F6B-0E641929F81D} = {B008DFA9-0258-45D4-A185-BA77107C90C5}
		{E8B5A640-BF03-49D1-9B89-DAF977B11301} = {B008DFA9-0258-45D4-A185-BA77107C90C5}
		{9E957687-9FDA-4E4F-B78B-230ECD322307} = {B008DFA9-0258-45D4-A185-BA77107C90C5}
		{E5A85B99-B583-483F-970C-25A1A89958BE} = {B008DFA9-0258-45D4-A185-BA77107C90C5}
	EndGlobalSection
	GlobalSection(ExtensibilityGlobals) = postSolution
		SolutionGuid = {27E0AB35-46C4-4566-B08A-6E19A0FAF1F3}
	EndGlobalSection
EndGlobal
